filippo.io/edwards25519 v1.1.0 h1:FNf4tywRC1HmFuKW5xopWpigGjJKiJSV0Cqo0cJWDaA=
filippo.io/edwards25519 v1.1.0/go.mod h1:BxyFTGdWcka3PhytdK4V28tE5sGfRvvvRV7EaN4VDT4=
git.cmcode.dev/cmcode/ghost-to-castopod v0.0.2 h1:a5ba3+zbS5Rbgm2xCGeo4hajUl7Sg/CJiu4GqJ1vOl4=
git.cmcode.dev/cmcode/ghost-to-castopod v0.0.2/go.mod h1:h0IwkHtLwJX2ApBHIbyKsPFNtiw6FdXjswkz9CzqUE8=
git.cmcode.dev/cmcode/ghost-to-castopod v0.0.3 h1:JLYWk6p/7opl2lZdA6eXOUoGh7T379oWYAMAo+6av5c=
git.cmcode.dev/cmcode/ghost-to-castopod v0.0.3/go.mod h1:XG5Ydly/MlAqkP4gi6IS1Bt0h+L+dMpwAqx/2SYB3lU=
git.cmcode.dev/cmcode/go-castopod v0.0.3 h1:VBh5bGN0U2H1A9GemKnJQeeBlj3bGWaMBzzhrQWH7Xw=
git.cmcode.dev/cmcode/go-castopod v0.0.3/go.mod h1:P2iXkm5tAmjtLEKQLoj751xtsKMSupe8gRE9nXf5EpE=
github.com/go-sql-driver/mysql v1.8.1 h1:LedoTUt/eveggdHS9qUFC1EFSa8bU2+1pZjSRpvNJ1Y=
github.com/go-sql-driver/mysql v1.8.1/go.mod h1:wEBSXgmK//2ZFJyE+qWnIsVGmvmEKlqwuVSjsCm7DZg=
